
Microsoft Visual Studio Solution File, Format Version 12.00
# Visual Studio Version 16
VisualStudioVersion = 16.0.29920.165
MinimumVisualStudioVersion = 10.0.40219.1
Project("{FAE04EC0-301F-11D3-BF4B-00C04F79EFBC}") = "Ep.MicroOndas.Wpf", "Ep.MicroOndas.Wpf\Ep.MicroOndas.Wpf.csproj", "{AEEDDE3F-1B12-4294-8AA8-0BB5D95C3010}"
EndProject
Project("{FAE04EC0-301F-11D3-BF4B-00C04F79EFBC}") = "Ep.MicroOndas.Dominio", "Ep.MicroOndas.Dominio\Ep.MicroOndas.Dominio.csproj", "{F69396F0-4A7E-4927-985D-8B424DE558DB}"
EndProject
Project("{FAE04EC0-301F-11D3-BF4B-00C04F79EFBC}") = "Ep.MicroOndas.Ioc", "Ep.MicroOndas.Ioc\Ep.MicroOndas.Ioc.csproj", "{BAC3E8D7-F950-446B-98A2-0802516CFA88}"
EndProject
Project("{FAE04EC0-301F-11D3-BF4B-00C04F79EFBC}") = "Ep.MicroOndas.Servicos", "Ep.MicroOndas.Servicos\Ep.MicroOndas.Servicos.csproj", "{DD4DAC2B-D353-4544-BF6C-4E1CD78562E0}"
EndProject
Project("{FAE04EC0-301F-11D3-BF4B-00C04F79EFBC}") = "Ep.MicroOndas.Regras", "Ep.MicroOndas.Regras\Ep.MicroOndas.Regras.csproj", "{56ACA8E5-7531-4EAC-AD9A-50CA41EF3B4B}"
EndProject
Global
	GlobalSection(SolutionConfigurationPlatforms) = preSolution
		Debug|Any CPU = Debug|Any CPU
		Release|Any CPU = Release|Any CPU
	EndGlobalSection
	GlobalSection(ProjectConfigurationPlatforms) = postSolution
		{AEEDDE3F-1B12-4294-8AA8-0BB5D95C3010}.Debug|Any CPU.ActiveCfg = Debug|Any CPU
		{AEEDDE3F-1B12-4294-8AA8-0BB5D95C3010}.Debug|Any CPU.Build.0 = Debug|Any CPU
		{AEEDDE3F-1B12-4294-8AA8-0BB5D95C3010}.Release|Any CPU.ActiveCfg = Release|Any CPU
		{AEEDDE3F-1B12-4294-8AA8-0BB5D95C3010}.Release|Any CPU.Build.0 = Release|Any CPU
		{F69396F0-4A7E-4927-985D-8B424DE558DB}.Debug|Any CPU.ActiveCfg = Debug|Any CPU
		{F69396F0-4A7E-4927-985D-8B424DE558DB}.Debug|Any CPU.Build.0 = Debug|Any CPU
		{F69396F0-4A7E-4927-985D-8B424DE558DB}.Release|Any CPU.ActiveCfg = Release|Any CPU
		{F69396F0-4A7E-4927-985D-8B424DE558DB}.Release|Any CPU.Build.0 = Release|Any CPU
		{BAC3E8D7-F950-446B-98A2-0802516CFA88}.Debug|Any CPU.ActiveCfg = Debug|Any CPU
		{BAC3E8D7-F950-446B-98A2-0802516CFA88}.Debug|Any CPU.Build.0 = Debug|Any CPU
		{BAC3E8D7-F950-446B-98A2-0802516CFA88}.Release|Any CPU.ActiveCfg = Release|Any CPU
		{BAC3E8D7-F950-446B-98A2-0802516CFA88}.Release|Any CPU.Build.0 = Release|Any CPU
		{DD4DAC2B-D353-4544-BF6C-4E1CD78562E0}.Debug|Any CPU.ActiveCfg = Debug|Any CPU
		{DD4DAC2B-D353-4544-BF6C-4E1CD78562E0}.Debug|Any CPU.Build.0 = Debug|Any CPU
		{DD4DAC2B-D353-4544-BF6C-4E1CD78562E0}.Release|Any CPU.ActiveCfg = Release|Any CPU
		{DD4DAC2B-D353-4544-BF6C-4E1CD78562E0}.Release|Any CPU.Build.0 = Release|Any CPU
		{56ACA8E5-7531-4EAC-AD9A-50CA41EF3B4B}.Debug|Any CPU.ActiveCfg = Debug|Any CPU
		{56ACA8E5-7531-4EAC-AD9A-50CA41EF3B4B}.Debug|Any CPU.Build.0 = Debug|Any CPU
		{56ACA8E5-7531-4EAC-AD9A-50CA41EF3B4B}.Release|Any CPU.ActiveCfg = Release|Any CPU
		{56ACA8E5-7531-4EAC-AD9A-50CA41EF3B4B}.Release|Any CPU.Build.0 = Release|Any CPU
	EndGlobalSection
	GlobalSection(SolutionProperties) = preSolution
		HideSolutionNode = FALSE
	EndGlobalSection
	GlobalSection(ExtensibilityGlobals) = postSolution
		SolutionGuid = {EDF3874F-8485-4378-8027-2AD4844E5BD9}
	EndGlobalSection
EndGlobal
